// !$*UTF8*$!
{
	archiveVersion = 1;
	classes = {
	};
	objectVersion = 50;
	objects = {

/* Begin PBXBuildFile section */
		4283EAA2212C553F000A131C /* AppDelegate.swift in Sources */ = {isa = PBXBuildFile; fileRef = 4283EAA1212C553F000A131C /* AppDelegate.swift */; };
		4283EAA4212C553F000A131C /* ViewController.swift in Sources */ = {isa = PBXBuildFile; fileRef = 4283EAA3212C553F000A131C /* ViewController.swift */; };
		4283EAA7212C553F000A131C /* Main.storyboard in Resources */ = {isa = PBXBuildFile; fileRef = 4283EAA5212C553F000A131C /* Main.storyboard */; };
		4283EAA9212C5540000A131C /* Assets.xcassets in Resources */ = {isa = PBXBuildFile; fileRef = 4283EAA8212C5540000A131C /* Assets.xcassets */; };
		4283EAAC212C5540000A131C /* LaunchScreen.storyboard in Resources */ = {isa = PBXBuildFile; fileRef = 4283EAAA212C5540000A131C /* LaunchScreen.storyboard */; };
		4283EAB7212C5540000A131C /* LocationManagerTests.swift in Sources */ = {isa = PBXBuildFile; fileRef = 4283EAB6212C5540000A131C /* LocationManagerTests.swift */; };
		4283EAC2212C5540000A131C /* LocationManagerUITests.swift in Sources */ = {isa = PBXBuildFile; fileRef = 4283EAC1212C5540000A131C /* LocationManagerUITests.swift */; };
		4283EAD0212C5553000A131C /* LocationManager.swift in Sources */ = {isa = PBXBuildFile; fileRef = 4283EACF212C5553000A131C /* LocationManager.swift */; };
/* End PBXBuildFile section */

/* Begin PBXContainerItemProxy section */
		4283EAB3212C5540000A131C /* PBXContainerItemProxy */ = {
			isa = PBXContainerItemProxy;
			containerPortal = 4283EA96212C553F000A131C /* Project object */;
			proxyType = 1;
			remoteGlobalIDString = 4283EA9D212C553F000A131C;
			remoteInfo = LocationManager;
		};
		4283EABE212C5540000A131C /* PBXContainerItemProxy */ = {
			isa = PBXContainerItemProxy;
			containerPortal = 4283EA96212C553F000A131C /* Project object */;
			proxyType = 1;
			remoteGlobalIDString = 4283EA9D212C553F000A131C;
			remoteInfo = LocationManager;
		};
/* End PBXContainerItemProxy section */

/* Begin PBXFileReference section */
		4283EA9E212C553F000A131C /* LocationManager.app */ = {isa = PBXFileReference; explicitFileType = wrapper.application; includeInIndex = 0; path = LocationManager.app; sourceTree = BUILT_PRODUCTS_DIR; };
		4283EAA1212C553F000A131C /* AppDelegate.swift */ = {isa = PBXFileReference; lastKnownFileType = sourcecode.swift; path = AppDelegate.swift; sourceTree = "<group>"; };
		4283EAA3212C553F000A131C /* ViewController.swift */ = {isa = PBXFileReference; lastKnownFileType = sourcecode.swift; path = ViewController.swift; sourceTree = "<group>"; };
		4283EAA6212C553F000A131C /* Base */ = {isa = PBXFileReference; lastKnownFileType = file.storyboard; name = Base; path = Base.lproj/Main.storyboard; sourceTree = "<group>"; };
		4283EAA8212C5540000A131C /* Assets.xcassets */ = {isa = PBXFileReference; lastKnownFileType = folder.assetcatalog; path = Assets.xcassets; sourceTree = "<group>"; };
		4283EAAB212C5540000A131C /* Base */ = {isa = PBXFileReference; lastKnownFileType = file.storyboard; name = Base; path = Base.lproj/LaunchScreen.storyboard; sourceTree = "<group>"; };
		4283EAAD212C5540000A131C /* Info.plist */ = {isa = PBXFileReference; lastKnownFileType = text.plist.xml; path = Info.plist; sourceTree = "<group>"; };
		4283EAB2212C5540000A131C /* LocationManagerTests.xctest */ = {isa = PBXFileReference; explicitFileType = wrapper.cfbundle; includeInIndex = 0; path = LocationManagerTests.xctest; sourceTree = BUILT_PRODUCTS_DIR; };
		4283EAB6212C5540000A131C /* LocationManagerTests.swift */ = {isa = PBXFileReference; lastKnownFileType = sourcecode.swift; path = LocationManagerTests.swift; sourceTree = "<group>"; };
		4283EAB8212C5540000A131C /* Info.plist */ = {isa = PBXFileReference; lastKnownFileType = text.plist.xml; path = Info.plist; sourceTree = "<group>"; };
		4283EABD212C5540000A131C /* LocationManagerUITests.xctest */ = {isa = PBXFileReference; explicitFileType = wrapper.cfbundle; includeInIndex = 0; path = LocationManagerUITests.xctest; sourceTree = BUILT_PRODUCTS_DIR; };
		4283EAC1212C5540000A131C /* LocationManagerUITests.swift */ = {isa = PBXFileReference; lastKnownFileType = sourcecode.swift; path = LocationManagerUITests.swift; sourceTree = "<group>"; };
		4283EAC3212C5540000A131C /* Info.plist */ = {isa = PBXFileReference; lastKnownFileType = text.plist.xml; path = Info.plist; sourceTree = "<group>"; };
		4283EACF212C5553000A131C /* LocationManager.swift */ = {isa = PBXFileReference; lastKnownFileType = sourcecode.swift; path = LocationManager.swift; sourceTree = "<group>"; };
/* End PBXFileReference section */

/* Begin PBXFrameworksBuildPhase section */
		4283EA9B212C553F000A131C /* Frameworks */ = {
			isa = PBXFrameworksBuildPhase;
			buildActionMask = 2147483647;
			files = (
			);
			runOnlyForDeploymentPostprocessing = 0;
		};
		4283EAAF212C5540000A131C /* Frameworks */ = {
			isa = PBXFrameworksBuildPhase;
			buildActionMask = 2147483647;
			files = (
			);
			runOnlyForDeploymentPostprocessing = 0;
		};
		4283EABA212C5540000A131C /* Frameworks */ = {
			isa = PBXFrameworksBuildPhase;
			buildActionMask = 2147483647;
			files = (
			);
			runOnlyForDeploymentPostprocessing = 0;
		};
/* End PBXFrameworksBuildPhase section */

/* Begin PBXGroup section */
		4283EA95212C553F000A131C = {
			isa = PBXGroup;
			children = (
				4283EAA0212C553F000A131C /* LocationManager */,
				4283EAB5212C5540000A131C /* LocationManagerTests */,
				4283EAC0212C5540000A131C /* LocationManagerUITests */,
				4283EA9F212C553F000A131C /* Products */,
			);
			sourceTree = "<group>";
		};
		4283EA9F212C553F000A131C /* Products */ = {
			isa = PBXGroup;
			children = (
				4283EA9E212C553F000A131C /* LocationManager.app */,
				4283EAB2212C5540000A131C /* LocationManagerTests.xctest */,
				4283EABD212C5540000A131C /* LocationManagerUITests.xctest */,
			);
			name = Products;
			sourceTree = "<group>";
		};
		4283EAA0212C553F000A131C /* LocationManager */ = {
			isa = PBXGroup;
			children = (
				4283EAA1212C553F000A131C /* AppDelegate.swift */,
				4283EAA3212C553F000A131C /* ViewController.swift */,
				4283EAA5212C553F000A131C /* Main.storyboard */,
				4283EAA8212C5540000A131C /* Assets.xcassets */,
				4283EAAA212C5540000A131C /* LaunchScreen.storyboard */,
				4283EAAD212C5540000A131C /* Info.plist */,
				4283EACF212C5553000A131C /* LocationManager.swift */,
			);
			path = LocationManager;
			sourceTree = "<group>";
		};
		4283EAB5212C5540000A131C /* LocationManagerTests */ = {
			isa = PBXGroup;
			children = (
				4283EAB6212C5540000A131C /* LocationManagerTests.swift */,
				4283EAB8212C5540000A131C /* Info.plist */,
			);
			path = LocationManagerTests;
			sourceTree = "<group>";
		};
		4283EAC0212C5540000A131C /* LocationManagerUITests */ = {
			isa = PBXGroup;
			children = (
				4283EAC1212C5540000A131C /* LocationManagerUITests.swift */,
				4283EAC3212C5540000A131C /* Info.plist */,
			);
			path = LocationManagerUITests;
			sourceTree = "<group>";
		};
/* End PBXGroup section */

/* Begin PBXNativeTarget section */
		4283EA9D212C553F000A131C /* LocationManager */ = {
			isa = PBXNativeTarget;
			buildConfigurationList = 4283EAC6212C5540000A131C /* Build configuration list for PBXNativeTarget "LocationManager" */;
			buildPhases = (
				4283EA9A212C553F000A131C /* Sources */,
				4283EA9B212C553F000A131C /* Frameworks */,
				4283EA9C212C553F000A131C /* Resources */,
			);
			buildRules = (
			);
			dependencies = (
			);
			name = LocationManager;
			productName = LocationManager;
			productReference = 4283EA9E212C553F000A131C /* LocationManager.app */;
			productType = "com.apple.product-type.application";
		};
		4283EAB1212C5540000A131C /* LocationManagerTests */ = {
			isa = PBXNativeTarget;
			buildConfigurationList = 4283EAC9212C5540000A131C /* Build configuration list for PBXNativeTarget "LocationManagerTests" */;
			buildPhases = (
				4283EAAE212C5540000A131C /* Sources */,
				4283EAAF212C5540000A131C /* Frameworks */,
				4283EAB0212C5540000A131C /* Resources */,
			);
			buildRules = (
			);
			dependencies = (
				4283EAB4212C5540000A131C /* PBXTargetDependency */,
			);
			name = LocationManagerTests;
			productName = LocationManagerTests;
			productReference = 4283EAB2212C5540000A131C /* LocationManagerTests.xctest */;
			productType = "com.apple.product-type.bundle.unit-test";
		};
		4283EABC212C5540000A131C /* LocationManagerUITests */ = {
			isa = PBXNativeTarget;
			buildConfigurationList = 4283EACC212C5540000A131C /* Build configuration list for PBXNativeTarget "LocationManagerUITests" */;
			buildPhases = (
				4283EAB9212C5540000A131C /* Sources */,
				4283EABA212C5540000A131C /* Frameworks */,
				4283EABB212C5540000A131C /* Resources */,
			);
			buildRules = (
			);
			dependencies = (
				4283EABF212C5540000A131C /* PBXTargetDependency */,
			);
			name = LocationManagerUITests;
			productName = LocationManagerUITests;
			productReference = 4283EABD212C5540000A131C /* LocationManagerUITests.xctest */;
			productType = "com.apple.product-type.bundle.ui-testing";
		};
/* End PBXNativeTarget section */

/* Begin PBXProject section */
		4283EA96212C553F000A131C /* Project object */ = {
			isa = PBXProject;
			attributes = {
				LastSwiftUpdateCheck = 0940;
				LastUpgradeCheck = 0940;
				ORGANIZATIONNAME = "Akash BhardwaJ";
				TargetAttributes = {
					4283EA9D212C553F000A131C = {
						CreatedOnToolsVersion = 9.4.1;
					};
					4283EAB1212C5540000A131C = {
						CreatedOnToolsVersion = 9.4.1;
						TestTargetID = 4283EA9D212C553F000A131C;
					};
					4283EABC212C5540000A131C = {
						CreatedOnToolsVersion = 9.4.1;
						TestTargetID = 4283EA9D212C553F000A131C;
					};
				};
			};
			buildConfigurationList = 4283EA99212C553F000A131C /* Build configuration list for PBXProject "LocationManager" */;
			compatibilityVersion = "Xcode 9.3";
			developmentRegion = en;
			hasScannedForEncodings = 0;
			knownRegions = (
				en,
				Base,
			);
			mainGroup = 4283EA95212C553F000A131C;
			productRefGroup = 4283EA9F212C553F000A131C /* Products */;
			projectDirPath = "";
			projectRoot = "";
			targets = (
				4283EA9D212C553F000A131C /* LocationManager */,
				4283EAB1212C5540000A131C /* LocationManagerTests */,
				4283EABC212C5540000A131C /* LocationManagerUITests */,
			);
		};
/* End PBXProject section */

/* Begin PBXResourcesBuildPhase section */
		4283EA9C212C553F000A131C /* Resources */ = {
			isa = PBXResourcesBuildPhase;
			buildActionMask = 2147483647;
			files = (
				4283EAAC212C5540000A131C /* LaunchScreen.storyboard in Resources */,
				4283EAA9212C5540000A131C /* Assets.xcassets in Resources */,
				4283EAA7212C553F000A131C /* Main.storyboard in Resources */,
			);
			runOnlyForDeploymentPostprocessing = 0;
		};
		4283EAB0212C5540000A131C /* Resources */ = {
			isa = PBXResourcesBuildPhase;
			buildActionMask = 2147483647;
			files = (
			);
			runOnlyForDeploymentPostprocessing = 0;
		};
		4283EABB212C5540000A131C /* Resources */ = {
			isa = PBXResourcesBuildPhase;
			buildActionMask = 2147483647;
			files = (
			);
			runOnlyForDeploymentPostprocessing = 0;
		};
/* End PBXResourcesBuildPhase section */

/* Begin PBXSourcesBuildPhase section */
		4283EA9A212C553F000A131C /* Sources */ = {
			isa = PBXSourcesBuildPhase;
			buildActionMask = 2147483647;
			files = (
				4283EAA4212C553F000A131C /* ViewController.swift in Sources */,
				4283EAA2212C553F000A131C /* AppDelegate.swift in Sources */,
				4283EAD0212C5553000A131C /* LocationManager.swift in Sources */,
			);
			runOnlyForDeploymentPostprocessing = 0;
		};
		4283EAAE212C5540000A131C /* Sources */ = {
			isa = PBXSourcesBuildPhase;
			buildActionMask = 2147483647;
			files = (
				4283EAB7212C5540000A131C /* LocationManagerTests.swift in Sources */,
			);
			runOnlyForDeploymentPostprocessing = 0;
		};
		4283EAB9212C5540000A131C /* Sources */ = {
			isa = PBXSourcesBuildPhase;
			buildActionMask = 2147483647;
			files = (
				4283EAC2212C5540000A131C /* LocationManagerUITests.swift in Sources */,
			);
			runOnlyForDeploymentPostprocessing = 0;
		};
/* End PBXSourcesBuildPhase section */

/* Begin PBXTargetDependency section */
		4283EAB4212C5540000A131C /* PBXTargetDependency */ = {
			isa = PBXTargetDependency;
			target = 4283EA9D212C553F000A131C /* LocationManager */;
			targetProxy = 4283EAB3212C5540000A131C /* PBXContainerItemProxy */;
		};
		4283EABF212C5540000A131C /* PBXTargetDependency */ = {
			isa = PBXTargetDependency;
			target = 4283EA9D212C553F000A131C /* LocationManager */;
			targetProxy = 4283EABE212C5540000A131C /* PBXContainerItemProxy */;
		};
/* End PBXTargetDependency section */

/* Begin PBXVariantGroup section */
		4283EAA5212C553F000A131C /* Main.storyboard */ = {
			isa = PBXVariantGroup;
			children = (
				4283EAA6212C553F000A131C /* Base */,
			);
			name = Main.storyboard;
			sourceTree = "<group>";
		};
		4283EAAA212C5540000A131C /* LaunchScreen.storyboard */ = {
			isa = PBXVariantGroup;
			children = (
				4283EAAB212C5540000A131C /* Base */,
			);
			name = LaunchScreen.storyboard;
			sourceTree = "<group>";
		};
/* End PBXVariantGroup section */

/* Begin XCBuildConfiguration section */
		4283EAC4212C5540000A131C /* Debug */ = {
			isa = XCBuildConfiguration;
			buildSettings = {
				ALWAYS_SEARCH_USER_PATHS = NO;
				CLANG_ANALYZER_NONNULL = YES;
				CLANG_ANALYZER_NUMBER_OBJECT_CONVERSION = YES_AGGRESSIVE;
				CLANG_CXX_LANGUAGE_STANDARD = "gnu++14";
				CLANG_CXX_LIBRARY = "libc++";
				CLANG_ENABLE_MODULES = YES;
				CLANG_ENABLE_OBJC_ARC = YES;
				CLANG_ENABLE_OBJC_WEAK = YES;
				CLANG_WARN_BLOCK_CAPTURE_AUTORELEASING = YES;
				CLANG_WARN_BOOL_CONVERSION = YES;
				CLANG_WARN_COMMA = YES;
				CLANG_WARN_CONSTANT_CONVERSION = YES;
				CLANG_WARN_DEPRECATED_OBJC_IMPLEMENTATIONS = YES;
				CLANG_WARN_DIRECT_OBJC_ISA_USAGE = YES_ERROR;
				CLANG_WARN_DOCUMENTATION_COMMENTS = YES;
				CLANG_WARN_EMPTY_BODY = YES;
				CLANG_WARN_ENUM_CONVERSION = YES;
				CLANG_WARN_INFINITE_RECURSION = YES;
				CLANG_WARN_INT_CONVERSION = YES;
				CLANG_WARN_NON_LITERAL_NULL_CONVERSION = YES;
				CLANG_WARN_OBJC_IMPLICIT_RETAIN_SELF = YES;
				CLANG_WARN_OBJC_LITERAL_CONVERSION = YES;
				CLANG_WARN_OBJC_ROOT_CLASS = YES_ERROR;
				CLANG_WARN_RANGE_LOOP_ANALYSIS = YES;
				CLANG_WARN_STRICT_PROTOTYPES = YES;
				CLANG_WARN_SUSPICIOUS_MOVE = YES;
				CLANG_WARN_UNGUARDED_AVAILABILITY = YES_AGGRESSIVE;
				CLANG_WARN_UNREACHABLE_CODE = YES;
				CLANG_WARN__DUPLICATE_METHOD_MATCH = YES;
				CODE_SIGN_IDENTITY = "iPhone Developer";
				COPY_PHASE_STRIP = NO;
				DEBUG_INFORMATION_FORMAT = dwarf;
				ENABLE_STRICT_OBJC_MSGSEND = YES;
				ENABLE_TESTABILITY = YES;
				GCC_C_LANGUAGE_STANDARD = gnu11;
				GCC_DYNAMIC_NO_PIC = NO;
				GCC_NO_COMMON_BLOCKS = YES;
				GCC_OPTIMIZATION_LEVEL = 0;
				GCC_PREPROCESSOR_DEFINITIONS = (
					"DEBUG=1",
					"$(inherited)",
				);
				GCC_WARN_64_TO_32_BIT_CONVERSION = YES;
				GCC_WARN_ABOUT_RETURN_TYPE = YES_ERROR;
				GCC_WARN_UNDECLARED_SELECTOR = YES;
				GCC_WARN_UNINITIALIZED_AUTOS = YES_AGGRESSIVE;
				GCC_WARN_UNUSED_FUNCTION = YES;
				GCC_WARN_UNUSED_VARIABLE = YES;
				IPHONEOS_DEPLOYMENT_TARGET = 11.4;
				MTL_ENABLE_DEBUG_INFO = YES;
				ONLY_ACTIVE_ARCH = YES;
				SDKROOT = iphoneos;
				SWIFT_ACTIVE_COMPILATION_CONDITIONS = DEBUG;
				SWIFT_OPTIMIZATION_LEVEL = "-Onone";
			};
			name = Debug;
		};
		4283EAC5212C5540000A131C /* Release */ = {
			isa = XCBuildConfiguration;
			buildSettings = {
				ALWAYS_SEARCH_USER_PATHS = NO;
				CLANG_ANALYZER_NONNULL = YES;
				CLANG_ANALYZER_NUMBER_OBJECT_CONVERSION = YES_AGGRESSIVE;
				CLANG_CXX_LANGUAGE_STANDARD = "gnu++14";
				CLANG_CXX_LIBRARY = "libc++";
				CLANG_ENABLE_MODULES = YES;
				CLANG_ENABLE_OBJC_ARC = YES;
				CLANG_ENABLE_OBJC_WEAK = YES;
				CLANG_WARN_BLOCK_CAPTURE_AUTORELEASING = YES;
				CLANG_WARN_BOOL_CONVERSION = YES;
				CLANG_WARN_COMMA = YES;
				CLANG_WARN_CONSTANT_CONVERSION = YES;
				CLANG_WARN_DEPRECATED_OBJC_IMPLEMENTATIONS = YES;
				CLANG_WARN_DIRECT_OBJC_ISA_USAGE = YES_ERROR;
				CLANG_WARN_DOCUMENTATION_COMMENTS = YES;
				CLANG_WARN_EMPTY_BODY = YES;
				CLANG_WARN_ENUM_CONVERSION = YES;
				CLANG_WARN_INFINITE_RECURSION = YES;
				CLANG_WARN_INT_CONVERSION = YES;
				CLANG_WARN_NON_LITERAL_NULL_CONVERSION = YES;
				CLANG_WARN_OBJC_IMPLICIT_RETAIN_SELF = YES;
				CLANG_WARN_OBJC_LITERAL_CONVERSION = YES;
				CLANG_WARN_OBJC_ROOT_CLASS = YES_ERROR;
				CLANG_WARN_RANGE_LOOP_ANALYSIS = YES;
				CLANG_WARN_STRICT_PROTOTYPES = YES;
				CLANG_WARN_SUSPICIOUS_MOVE = YES;
				CLANG_WARN_UNGUARDED_AVAILABILITY = YES_AGGRESSIVE;
				CLANG_WARN_UNREACHABLE_CODE = YES;
				CLANG_WARN__DUPLICATE_METHOD_MATCH = YES;
				CODE_SIGN_IDENTITY = "iPhone Developer";
				COPY_PHASE_STRIP = NO;
				DEBUG_INFORMATION_FORMAT = "dwarf-with-dsym";
				ENABLE_NS_ASSERTIONS = NO;
				ENABLE_STRICT_OBJC_MSGSEND = YES;
				GCC_C_LANGUAGE_STANDARD = gnu11;
				GCC_NO_COMMON_BLOCKS = YES;
				GCC_WARN_64_TO_32_BIT_CONVERSION = YES;
				GCC_WARN_ABOUT_RETURN_TYPE = YES_ERROR;
				GCC_WARN_UNDECLARED_SELECTOR = YES;
				GCC_WARN_UNINITIALIZED_AUTOS = YES_AGGRESSIVE;
				GCC_WARN_UNUSED_FUNCTION = YES;
				GCC_WARN_UNUSED_VARIABLE = YES;
				IPHONEOS_DEPLOYMENT_TARGET = 11.4;
				MTL_ENABLE_DEBUG_INFO = NO;
				SDKROOT = iphoneos;
				SWIFT_COMPILATION_MODE = wholemodule;
				SWIFT_OPTIMIZATION_LEVEL = "-O";
				VALIDATE_PRODUCT = YES;
			};
			name = Release;
		};
		4283EAC7212C5540000A131C /* Debug */ = {
			isa = XCBuildConfiguration;
			buildSettings = {
				ASSETCATALOG_COMPILER_APPICON_NAME = AppIcon;
				CODE_SIGN_STYLE = Automatic;
				INFOPLIST_FILE = LocationManager/Info.plist;
				LD_RUNPATH_SEARCH_PATHS = (
					"$(inherited)",
					"@executable_path/Frameworks",
				);
				PRODUCT_BUNDLE_IDENTIFIER = sdsad.LocationManager;
				PRODUCT_NAME = "$(TARGET_NAME)";
				SWIFT_VERSION = 4.0;
				TARGETED_DEVICE_FAMILY = "1,2";
			};
			name = Debug;
		};
		4283EAC8212C5540000A131C /* Release */ = {
			isa = XCBuildConfiguration;
			buildSettings = {
				ASSETCATALOG_COMPILER_APPICON_NAME = AppIcon;
				CODE_SIGN_STYLE = Automatic;
				INFOPLIST_FILE = LocationManager/Info.plist;
				LD_RUNPATH_SEARCH_PATHS = (
					"$(inherited)",
					"@executable_path/Frameworks",
				);
				PRODUCT_BUNDLE_IDENTIFIER = sdsad.LocationManager;
				PRODUCT_NAME = "$(TARGET_NAME)";
				SWIFT_VERSION = 4.0;
				TARGETED_DEVICE_FAMILY = "1,2";
			};
			name = Release;
		};
		4283EACA212C5540000A131C /* Debug */ = {
			isa = XCBuildConfiguration;
			buildSettings = {
				ALWAYS_EMBED_SWIFT_STANDARD_LIBRARIES = YES;
				BUNDLE_LOADER = "$(TEST_HOST)";
				CODE_SIGN_STYLE = Automatic;
				INFOPLIST_FILE = LocationManagerTests/Info.plist;
				LD_RUNPATH_SEARCH_PATHS = (
					"$(inherited)",
					"@executable_path/Frameworks",
					"@loader_path/Frameworks",
				);
				PRODUCT_BUNDLE_IDENTIFIER = sdsad.LocationManagerTests;
				PRODUCT_NAME = "$(TARGET_NAME)";
				SWIFT_VERSION = 4.0;
				TARGETED_DEVICE_FAMILY = "1,2";
				TEST_HOST = "$(BUILT_PRODUCTS_DIR)/LocationManager.app/LocationManager";
			};
			name = Debug;
		};
		4283EACB212C5540000A131C /* Release */ = {
			isa = XCBuildConfiguration;
			buildSettings = {
				ALWAYS_EMBED_SWIFT_STANDARD_LIBRARIES = YES;
				BUNDLE_LOADER = "$(TEST_HOST)";
				CODE_SIGN_STYLE = Automatic;
				INFOPLIST_FILE = LocationManagerTests/Info.plist;
				LD_RUNPATH_SEARCH_PATHS = (
					"$(inherited)",
					"@executable_path/Frameworks",
					"@loader_path/Frameworks",
				);
				PRODUCT_BUNDLE_IDENTIFIER = sdsad.LocationManagerTests;
				PRODUCT_NAME = "$(TARGET_NAME)";
				SWIFT_VERSION = 4.0;
				TARGETED_DEVICE_FAMILY = "1,2";
				TEST_HOST = "$(BUILT_PRODUCTS_DIR)/LocationManager.app/LocationManager";
			};
			name = Release;
		};
		4283EACD212C5540000A131C /* Debug */ = {
			isa = XCBuildConfiguration;
			buildSettings = {
				ALWAYS_EMBED_SWIFT_STANDARD_LIBRARIES = YES;
				CODE_SIGN_STYLE = Automatic;
				INFOPLIST_FILE = LocationManagerUITests/Info.plist;
				LD_RUNPATH_SEARCH_PATHS = (
					"$(inherited)",
					"@executable_path/Frameworks",
					"@loader_path/Frameworks",
				);
				PRODUCT_BUNDLE_IDENTIFIER = sdsad.LocationManagerUITests;
				PRODUCT_NAME = "$(TARGET_NAME)";
				SWIFT_VERSION = 4.0;
				TARGETED_DEVICE_FAMILY = "1,2";
				TEST_TARGET_NAME = LocationManager;
			};
			name = Debug;
		};
		4283EACE212C5540000A131C /* Release */ = {
			isa = XCBuildConfiguration;
			buildSettings = {
				ALWAYS_EMBED_SWIFT_STANDARD_LIBRARIES = YES;
				CODE_SIGN_STYLE = Automatic;
				INFOPLIST_FILE = LocationManagerUITests/Info.plist;
				LD_RUNPATH_SEARCH_PATHS = (
					"$(inherited)",
					"@executable_path/Frameworks",
					"@loader_path/Frameworks",
				);
				PRODUCT_BUNDLE_IDENTIFIER = sdsad.LocationManagerUITests;
				PRODUCT_NAME = "$(TARGET_NAME)";
				SWIFT_VERSION = 4.0;
				TARGETED_DEVICE_FAMILY = "1,2";
				TEST_TARGET_NAME = LocationManager;
			};
			name = Release;
		};
/* End XCBuildConfiguration section */

/* Begin XCConfigurationList section */
		4283EA99212C553F000A131C /* Build configuration list for PBXProject "LocationManager" */ = {
			isa = XCConfigurationList;
			buildConfigurations = (
				4283EAC4212C5540000A131C /* Debug */,
				4283EAC5212C5540000A131C /* Release */,
			);
			defaultConfigurationIsVisible = 0;
			defaultConfigurationName = Release;
		};
		4283EAC6212C5540000A131C /* Build configuration list for PBXNativeTarget "LocationManager" */ = {
			isa = XCConfigurationList;
			buildConfigurations = (
				4283EAC7212C5540000A131C /* Debug */,
				4283EAC8212C5540000A131C /* Release */,
			);
			defaultConfigurationIsVisible = 0;
			defaultConfigurationName = Release;
		};
		4283EAC9212C5540000A131C /* Build configuration list for PBXNativeTarget "LocationManagerTests" */ = {
			isa = XCConfigurationList;
			buildConfigurations = (
				4283EACA212C5540000A131C /* Debug */,
				4283EACB212C5540000A131C /* Release */,
			);
			defaultConfigurationIsVisible = 0;
			defaultConfigurationName = Release;
		};
		4283EACC212C5540000A131C /* Build configuration list for PBXNativeTarget "LocationManagerUITests" */ = {
			isa = XCConfigurationList;
			buildConfigurations = (
				4283EACD212C5540000A131C /* Debug */,
				4283EACE212C5540000A131C /* Release */,
			);
			defaultConfigurationIsVisible = 0;
			defaultConfigurationName = Release;
		};
/* End XCConfigurationList section */
	};
	rootObject = 4283EA96212C553F000A131C /* Project object */;
}
